
Microsoft Visual Studio Solution File, Format Version 12.00
# Visual Studio 15
VisualStudioVersion = 15.0.28307.271
MinimumVisualStudioVersion = 10.0.40219.1
Project("{FAE04EC0-301F-11D3-BF4B-00C04F79EFBC}") = "LuckyNumber", "LuckyNumber\LuckyNumber.csproj", "{818553F2-31CB-49AD-BBA1-2CBD05035296}"
EndProject
Global
	GlobalSection(SolutionConfigurationPlatforms) = preSolution
		Debug|Any CPU = Debug|Any CPU
		Release|Any CPU = Release|Any CPU
	EndGlobalSection
	GlobalSection(ProjectConfigurationPlatforms) = postSolution
		{818553F2-31CB-49AD-BBA1-2CBD05035296}.Debug|Any CPU.ActiveCfg = Debug|Any CPU
		{818553F2-31CB-49AD-BBA1-2CBD05035296}.Debug|Any CPU.Build.0 = Debug|Any CPU
		{818553F2-31CB-49AD-BBA1-2CBD05035296}.Release|Any CPU.ActiveCfg = Release|Any CPU
		{818553F2-31CB-49AD-BBA1-2CBD05035296}.Release|Any CPU.Build.0 = Release|Any CPU
	EndGlobalSection
	GlobalSection(SolutionProperties) = preSolution
		HideSolutionNode = FALSE
	EndGlobalSection
	GlobalSection(ExtensibilityGlobals) = postSolution
		SolutionGuid = {7A3E7271-5F20-400E-A8FC-1A0694621271}
	EndGlobalSection
EndGlobal
